
Microsoft Visual Studio Solution File, Format Version 12.00
# Visual Studio Version 17
VisualStudioVersion = 17.9.34407.89
MinimumVisualStudioVersion = 10.0.40219.1
Project("{9A19103F-16F7-4668-BE54-9A1E7A4F7556}") = "EirBot-New", "EirBot-New.csproj", "{62A1A5F8-220C-49A9-82C9-FC0A6B9D29C1}"
EndProject
Global
	GlobalSection(SolutionConfigurationPlatforms) = preSolution
		Debug|Any CPU = Debug|Any CPU
		Release|Any CPU = Release|Any CPU
	EndGlobalSection
	GlobalSection(ProjectConfigurationPlatforms) = postSolution
		{62A1A5F8-220C-49A9-82C9-FC0A6B9D29C1}.Debug|Any CPU.ActiveCfg = Debug|Any CPU
		{62A1A5F8-220C-49A9-82C9-FC0A6B9D29C1}.Debug|Any CPU.Build.0 = Debug|Any CPU
		{62A1A5F8-220C-49A9-82C9-FC0A6B9D29C1}.Release|Any CPU.ActiveCfg = Release|Any CPU
		{62A1A5F8-220C-49A9-82C9-FC0A6B9D29C1}.Release|Any CPU.Build.0 = Release|Any CPU
	EndGlobalSection
	GlobalSection(SolutionProperties) = preSolution
		HideSolutionNode = FALSE
	EndGlobalSection
	GlobalSection(ExtensibilityGlobals) = postSolution
		SolutionGuid = {16FBEC2D-370C-4B1B-BFB6-57A2118D40E5}
	EndGlobalSection
EndGlobal
